// !$*UTF8*$!
{
	archiveVersion = 1;
	classes = {
	};
	objectVersion = 56;
	objects = {

/* Begin PBXBuildFile section */
		130759712B201C050088B25B /* LoginView.swift in Sources */ = {isa = PBXBuildFile; fileRef = 130759702B201C050088B25B /* LoginView.swift */; };
		13B57CE82A16A6340010C77E /* BudgetBuddyFinalApp.swift in Sources */ = {isa = PBXBuildFile; fileRef = 13B57CE72A16A6340010C77E /* BudgetBuddyFinalApp.swift */; };
		13B57CEA2A16A6340010C77E /* ContentView.swift in Sources */ = {isa = PBXBuildFile; fileRef = 13B57CE92A16A6340010C77E /* ContentView.swift */; };
		13B57CEC2A16A6390010C77E /* Assets.xcassets in Resources */ = {isa = PBXBuildFile; fileRef = 13B57CEB2A16A6390010C77E /* Assets.xcassets */; };
		13B57CEF2A16A6390010C77E /* Preview Assets.xcassets in Resources */ = {isa = PBXBuildFile; fileRef = 13B57CEE2A16A6390010C77E /* Preview Assets.xcassets */; };
		13B57CF12A16A6390010C77E /* Persistence.swift in Sources */ = {isa = PBXBuildFile; fileRef = 13B57CF02A16A6390010C77E /* Persistence.swift */; };
		13B57CF42A16A6390010C77E /* BudgetBuddyFinal.xcdatamodeld in Sources */ = {isa = PBXBuildFile; fileRef = 13B57CF22A16A6390010C77E /* BudgetBuddyFinal.xcdatamodeld */; };
		13B57CFE2A16A63A0010C77E /* BudgetBuddyFinalTests.swift in Sources */ = {isa = PBXBuildFile; fileRef = 13B57CFD2A16A63A0010C77E /* BudgetBuddyFinalTests.swift */; };
		13B57D082A16A63A0010C77E /* BudgetBuddyFinalUITests.swift in Sources */ = {isa = PBXBuildFile; fileRef = 13B57D072A16A63A0010C77E /* BudgetBuddyFinalUITests.swift */; };
		13B57D0A2A16A63A0010C77E /* BudgetBuddyFinalUITestsLaunchTests.swift in Sources */ = {isa = PBXBuildFile; fileRef = 13B57D092A16A63A0010C77E /* BudgetBuddyFinalUITestsLaunchTests.swift */; };
		13B57D172A16A74D0010C77E /* HomeView.swift in Sources */ = {isa = PBXBuildFile; fileRef = 13B57D162A16A74D0010C77E /* HomeView.swift */; };
		13B57D192A16A7700010C77E /* ListView.swift in Sources */ = {isa = PBXBuildFile; fileRef = 13B57D182A16A7700010C77E /* ListView.swift */; };
		13B57D1B2A16A78A0010C77E /* DetailView.swift in Sources */ = {isa = PBXBuildFile; fileRef = 13B57D1A2A16A78A0010C77E /* DetailView.swift */; };
		13B57D1D2A16A7970010C77E /* SettingsView.swift in Sources */ = {isa = PBXBuildFile; fileRef = 13B57D1C2A16A7970010C77E /* SettingsView.swift */; };
		13B57D212A16F8680010C77E /* TransactionData.swift in Sources */ = {isa = PBXBuildFile; fileRef = 13B57D202A16F8680010C77E /* TransactionData.swift */; };
		13B57D232A1723470010C77E /* HistoryView.swift in Sources */ = {isa = PBXBuildFile; fileRef = 13B57D222A1723470010C77E /* HistoryView.swift */; };
		13B57D252A1762C00010C77E /* IncomeView.swift in Sources */ = {isa = PBXBuildFile; fileRef = 13B57D242A1762C00010C77E /* IncomeView.swift */; };
		13B57D272A17668E0010C77E /* PiChartView.swift in Sources */ = {isa = PBXBuildFile; fileRef = 13B57D262A17668E0010C77E /* PiChartView.swift */; };
		13B57D2B2A176BEF0010C77E /* WishListView.swift in Sources */ = {isa = PBXBuildFile; fileRef = 13B57D2A2A176BEF0010C77E /* WishListView.swift */; };
		13BB9D632AC52BA900664001 /* TitleView.swift in Sources */ = {isa = PBXBuildFile; fileRef = 13BB9D622AC52BA900664001 /* TitleView.swift */; };
/* End PBXBuildFile section */

/* Begin PBXContainerItemProxy section */
		13B57CFA2A16A63A0010C77E /* PBXContainerItemProxy */ = {
			isa = PBXContainerItemProxy;
			containerPortal = 13B57CDC2A16A6340010C77E /* Project object */;
			proxyType = 1;
			remoteGlobalIDString = 13B57CE32A16A6340010C77E;
			remoteInfo = BudgetBuddyFinal;
		};
		13B57D042A16A63A0010C77E /* PBXContainerItemProxy */ = {
			isa = PBXContainerItemProxy;
			containerPortal = 13B57CDC2A16A6340010C77E /* Project object */;
			proxyType = 1;
			remoteGlobalIDString = 13B57CE32A16A6340010C77E;
			remoteInfo = BudgetBuddyFinal;
		};
/* End PBXContainerItemProxy section */

/* Begin PBXFileReference section */
		130759702B201C050088B25B /* LoginView.swift */ = {isa = PBXFileReference; lastKnownFileType = sourcecode.swift; path = LoginView.swift; sourceTree = "<group>"; };
		13B57CE42A16A6340010C77E /* BudgetBuddyFinal.app */ = {isa = PBXFileReference; explicitFileType = wrapper.application; includeInIndex = 0; path = BudgetBuddyFinal.app; sourceTree = BUILT_PRODUCTS_DIR; };
		13B57CE72A16A6340010C77E /* BudgetBuddyFinalApp.swift */ = {isa = PBXFileReference; lastKnownFileType = sourcecode.swift; path = BudgetBuddyFinalApp.swift; sourceTree = "<group>"; };
		13B57CE92A16A6340010C77E /* ContentView.swift */ = {isa = PBXFileReference; lastKnownFileType = sourcecode.swift; path = ContentView.swift; sourceTree = "<group>"; };
		13B57CEB2A16A6390010C77E /* Assets.xcassets */ = {isa = PBXFileReference; lastKnownFileType = folder.assetcatalog; path = Assets.xcassets; sourceTree = "<group>"; };
		13B57CEE2A16A6390010C77E /* Preview Assets.xcassets */ = {isa = PBXFileReference; lastKnownFileType = folder.assetcatalog; path = "Preview Assets.xcassets"; sourceTree = "<group>"; };
		13B57CF02A16A6390010C77E /* Persistence.swift */ = {isa = PBXFileReference; lastKnownFileType = sourcecode.swift; path = Persistence.swift; sourceTree = "<group>"; };
		13B57CF32A16A6390010C77E /* BudgetBuddyFinal.xcdatamodel */ = {isa = PBXFileReference; lastKnownFileType = wrapper.xcdatamodel; path = BudgetBuddyFinal.xcdatamodel; sourceTree = "<group>"; };
		13B57CF92A16A63A0010C77E /* BudgetBuddyFinalTests.xctest */ = {isa = PBXFileReference; explicitFileType = wrapper.cfbundle; includeInIndex = 0; path = BudgetBuddyFinalTests.xctest; sourceTree = BUILT_PRODUCTS_DIR; };
		13B57CFD2A16A63A0010C77E /* BudgetBuddyFinalTests.swift */ = {isa = PBXFileReference; lastKnownFileType = sourcecode.swift; path = BudgetBuddyFinalTests.swift; sourceTree = "<group>"; };
		13B57D032A16A63A0010C77E /* BudgetBuddyFinalUITests.xctest */ = {isa = PBXFileReference; explicitFileType = wrapper.cfbundle; includeInIndex = 0; path = BudgetBuddyFinalUITests.xctest; sourceTree = BUILT_PRODUCTS_DIR; };
		13B57D072A16A63A0010C77E /* BudgetBuddyFinalUITests.swift */ = {isa = PBXFileReference; lastKnownFileType = sourcecode.swift; path = BudgetBuddyFinalUITests.swift; sourceTree = "<group>"; };
		13B57D092A16A63A0010C77E /* BudgetBuddyFinalUITestsLaunchTests.swift */ = {isa = PBXFileReference; lastKnownFileType = sourcecode.swift; path = BudgetBuddyFinalUITestsLaunchTests.swift; sourceTree = "<group>"; };
		13B57D162A16A74D0010C77E /* HomeView.swift */ = {isa = PBXFileReference; lastKnownFileType = sourcecode.swift; path = HomeView.swift; sourceTree = "<group>"; };
		13B57D182A16A7700010C77E /* ListView.swift */ = {isa = PBXFileReference; lastKnownFileType = sourcecode.swift; path = ListView.swift; sourceTree = "<group>"; };
		13B57D1A2A16A78A0010C77E /* DetailView.swift */ = {isa = PBXFileReference; lastKnownFileType = sourcecode.swift; path = DetailView.swift; sourceTree = "<group>"; };
		13B57D1C2A16A7970010C77E /* SettingsView.swift */ = {isa = PBXFileReference; lastKnownFileType = sourcecode.swift; path = SettingsView.swift; sourceTree = "<group>"; };
		13B57D202A16F8680010C77E /* TransactionData.swift */ = {isa = PBXFileReference; lastKnownFileType = sourcecode.swift; path = TransactionData.swift; sourceTree = "<group>"; };
		13B57D222A1723470010C77E /* HistoryView.swift */ = {isa = PBXFileReference; lastKnownFileType = sourcecode.swift; path = HistoryView.swift; sourceTree = "<group>"; };
		13B57D242A1762C00010C77E /* IncomeView.swift */ = {isa = PBXFileReference; lastKnownFileType = sourcecode.swift; path = IncomeView.swift; sourceTree = "<group>"; };
		13B57D262A17668E0010C77E /* PiChartView.swift */ = {isa = PBXFileReference; lastKnownFileType = sourcecode.swift; path = PiChartView.swift; sourceTree = "<group>"; };
		13B57D2A2A176BEF0010C77E /* WishListView.swift */ = {isa = PBXFileReference; lastKnownFileType = sourcecode.swift; path = WishListView.swift; sourceTree = "<group>"; };
		13BB9D622AC52BA900664001 /* TitleView.swift */ = {isa = PBXFileReference; lastKnownFileType = sourcecode.swift; path = TitleView.swift; sourceTree = "<group>"; };
/* End PBXFileReference section */

/* Begin PBXFrameworksBuildPhase section */
		13B57CE12A16A6340010C77E /* Frameworks */ = {
			isa = PBXFrameworksBuildPhase;
			buildActionMask = 2147483647;
			files = (
			);
			runOnlyForDeploymentPostprocessing = 0;
		};
		13B57CF62A16A63A0010C77E /* Frameworks */ = {
			isa = PBXFrameworksBuildPhase;
			buildActionMask = 2147483647;
			files = (
			);
			runOnlyForDeploymentPostprocessing = 0;
		};
		13B57D002A16A63A0010C77E /* Frameworks */ = {
			isa = PBXFrameworksBuildPhase;
			buildActionMask = 2147483647;
			files = (
			);
			runOnlyForDeploymentPostprocessing = 0;
		};
/* End PBXFrameworksBuildPhase section */

/* Begin PBXGroup section */
		13B57CDB2A16A6340010C77E = {
			isa = PBXGroup;
			children = (
				13B57CE62A16A6340010C77E /* BudgetBuddyFinal */,
				13B57CFC2A16A63A0010C77E /* BudgetBuddyFinalTests */,
				13B57D062A16A63A0010C77E /* BudgetBuddyFinalUITests */,
				13B57CE52A16A6340010C77E /* Products */,
			);
			sourceTree = "<group>";
		};
		13B57CE52A16A6340010C77E /* Products */ = {
			isa = PBXGroup;
			children = (
				13B57CE42A16A6340010C77E /* BudgetBuddyFinal.app */,
				13B57CF92A16A63A0010C77E /* BudgetBuddyFinalTests.xctest */,
				13B57D032A16A63A0010C77E /* BudgetBuddyFinalUITests.xctest */,
			);
			name = Products;
			sourceTree = "<group>";
		};
		13B57CE62A16A6340010C77E /* BudgetBuddyFinal */ = {
			isa = PBXGroup;
			children = (
				13B57CE72A16A6340010C77E /* BudgetBuddyFinalApp.swift */,
				13B57CE92A16A6340010C77E /* ContentView.swift */,
				13BB9D622AC52BA900664001 /* TitleView.swift */,
				130759702B201C050088B25B /* LoginView.swift */,
				13B57D242A1762C00010C77E /* IncomeView.swift */,
				13B57D162A16A74D0010C77E /* HomeView.swift */,
				13B57D182A16A7700010C77E /* ListView.swift */,
				13B57D1A2A16A78A0010C77E /* DetailView.swift */,
				13B57D1C2A16A7970010C77E /* SettingsView.swift */,
				13B57D262A17668E0010C77E /* PiChartView.swift */,
				13B57D222A1723470010C77E /* HistoryView.swift */,
				13B57D202A16F8680010C77E /* TransactionData.swift */,
				13B57D2A2A176BEF0010C77E /* WishListView.swift */,
				13B57CEB2A16A6390010C77E /* Assets.xcassets */,
				13B57CF02A16A6390010C77E /* Persistence.swift */,
				13B57CF22A16A6390010C77E /* BudgetBuddyFinal.xcdatamodeld */,
				13B57CED2A16A6390010C77E /* Preview Content */,
			);
			path = BudgetBuddyFinal;
			sourceTree = "<group>";
		};
		13B57CED2A16A6390010C77E /* Preview Content */ = {
			isa = PBXGroup;
			children = (
				13B57CEE2A16A6390010C77E /* Preview Assets.xcassets */,
			);
			path = "Preview Content";
			sourceTree = "<group>";
		};
		13B57CFC2A16A63A0010C77E /* BudgetBuddyFinalTests */ = {
			isa = PBXGroup;
			children = (
				13B57CFD2A16A63A0010C77E /* BudgetBuddyFinalTests.swift */,
			);
			path = BudgetBuddyFinalTests;
			sourceTree = "<group>";
		};
		13B57D062A16A63A0010C77E /* BudgetBuddyFinalUITests */ = {
			isa = PBXGroup;
			children = (
				13B57D072A16A63A0010C77E /* BudgetBuddyFinalUITests.swift */,
				13B57D092A16A63A0010C77E /* BudgetBuddyFinalUITestsLaunchTests.swift */,
			);
			path = BudgetBuddyFinalUITests;
			sourceTree = "<group>";
		};
/* End PBXGroup section */

/* Begin PBXNativeTarget section */
		13B57CE32A16A6340010C77E /* BudgetBuddyFinal */ = {
			isa = PBXNativeTarget;
			buildConfigurationList = 13B57D0D2A16A63A0010C77E /* Build configuration list for PBXNativeTarget "BudgetBuddyFinal" */;
			buildPhases = (
				13B57CE02A16A6340010C77E /* Sources */,
				13B57CE12A16A6340010C77E /* Frameworks */,
				13B57CE22A16A6340010C77E /* Resources */,
			);
			buildRules = (
			);
			dependencies = (
			);
			name = BudgetBuddyFinal;
			productName = BudgetBuddyFinal;
			productReference = 13B57CE42A16A6340010C77E /* BudgetBuddyFinal.app */;
			productType = "com.apple.product-type.application";
		};
		13B57CF82A16A63A0010C77E /* BudgetBuddyFinalTests */ = {
			isa = PBXNativeTarget;
			buildConfigurationList = 13B57D102A16A63A0010C77E /* Build configuration list for PBXNativeTarget "BudgetBuddyFinalTests" */;
			buildPhases = (
				13B57CF52A16A63A0010C77E /* Sources */,
				13B57CF62A16A63A0010C77E /* Frameworks */,
				13B57CF72A16A63A0010C77E /* Resources */,
			);
			buildRules = (
			);
			dependencies = (
				13B57CFB2A16A63A0010C77E /* PBXTargetDependency */,
			);
			name = BudgetBuddyFinalTests;
			productName = BudgetBuddyFinalTests;
			productReference = 13B57CF92A16A63A0010C77E /* BudgetBuddyFinalTests.xctest */;
			productType = "com.apple.product-type.bundle.unit-test";
		};
		13B57D022A16A63A0010C77E /* BudgetBuddyFinalUITests */ = {
			isa = PBXNativeTarget;
			buildConfigurationList = 13B57D132A16A63A0010C77E /* Build configuration list for PBXNativeTarget "BudgetBuddyFinalUITests" */;
			buildPhases = (
				13B57CFF2A16A63A0010C77E /* Sources */,
				13B57D002A16A63A0010C77E /* Frameworks */,
				13B57D012A16A63A0010C77E /* Resources */,
			);
			buildRules = (
			);
			dependencies = (
				13B57D052A16A63A0010C77E /* PBXTargetDependency */,
			);
			name = BudgetBuddyFinalUITests;
			productName = BudgetBuddyFinalUITests;
			productReference = 13B57D032A16A63A0010C77E /* BudgetBuddyFinalUITests.xctest */;
			productType = "com.apple.product-type.bundle.ui-testing";
		};
/* End PBXNativeTarget section */

/* Begin PBXProject section */
		13B57CDC2A16A6340010C77E /* Project object */ = {
			isa = PBXProject;
			attributes = {
				BuildIndependentTargetsInParallel = 1;
				LastSwiftUpdateCheck = 1420;
				LastUpgradeCheck = 1420;
				TargetAttributes = {
					13B57CE32A16A6340010C77E = {
						CreatedOnToolsVersion = 14.2;
					};
					13B57CF82A16A63A0010C77E = {
						CreatedOnToolsVersion = 14.2;
						TestTargetID = 13B57CE32A16A6340010C77E;
					};
					13B57D022A16A63A0010C77E = {
						CreatedOnToolsVersion = 14.2;
						TestTargetID = 13B57CE32A16A6340010C77E;
					};
				};
			};
			buildConfigurationList = 13B57CDF2A16A6340010C77E /* Build configuration list for PBXProject "BudgetBuddyFinal" */;
			compatibilityVersion = "Xcode 14.0";
			developmentRegion = en;
			hasScannedForEncodings = 0;
			knownRegions = (
				en,
				Base,
			);
			mainGroup = 13B57CDB2A16A6340010C77E;
			productRefGroup = 13B57CE52A16A6340010C77E /* Products */;
			projectDirPath = "";
			projectRoot = "";
			targets = (
				13B57CE32A16A6340010C77E /* BudgetBuddyFinal */,
				13B57CF82A16A63A0010C77E /* BudgetBuddyFinalTests */,
				13B57D022A16A63A0010C77E /* BudgetBuddyFinalUITests */,
			);
		};
/* End PBXProject section */

/* Begin PBXResourcesBuildPhase section */
		13B57CE22A16A6340010C77E /* Resources */ = {
			isa = PBXResourcesBuildPhase;
			buildActionMask = 2147483647;
			files = (
				13B57CEF2A16A6390010C77E /* Preview Assets.xcassets in Resources */,
				13B57CEC2A16A6390010C77E /* Assets.xcassets in Resources */,
			);
			runOnlyForDeploymentPostprocessing = 0;
		};
		13B57CF72A16A63A0010C77E /* Resources */ = {
			isa = PBXResourcesBuildPhase;
			buildActionMask = 2147483647;
			files = (
			);
			runOnlyForDeploymentPostprocessing = 0;
		};
		13B57D012A16A63A0010C77E /* Resources */ = {
			isa = PBXResourcesBuildPhase;
			buildActionMask = 2147483647;
			files = (
			);
			runOnlyForDeploymentPostprocessing = 0;
		};
/* End PBXResourcesBuildPhase section */

/* Begin PBXSourcesBuildPhase section */
		13B57CE02A16A6340010C77E /* Sources */ = {
			isa = PBXSourcesBuildPhase;
			buildActionMask = 2147483647;
			files = (
				13B57CF12A16A6390010C77E /* Persistence.swift in Sources */,
				13B57D1D2A16A7970010C77E /* SettingsView.swift in Sources */,
				13B57CEA2A16A6340010C77E /* ContentView.swift in Sources */,
				130759712B201C050088B25B /* LoginView.swift in Sources */,
				13BB9D632AC52BA900664001 /* TitleView.swift in Sources */,
				13B57D192A16A7700010C77E /* ListView.swift in Sources */,
				13B57D252A1762C00010C77E /* IncomeView.swift in Sources */,
				13B57D1B2A16A78A0010C77E /* DetailView.swift in Sources */,
				13B57D272A17668E0010C77E /* PiChartView.swift in Sources */,
				13B57CF42A16A6390010C77E /* BudgetBuddyFinal.xcdatamodeld in Sources */,
				13B57D212A16F8680010C77E /* TransactionData.swift in Sources */,
				13B57D232A1723470010C77E /* HistoryView.swift in Sources */,
				13B57D172A16A74D0010C77E /* HomeView.swift in Sources */,
				13B57D2B2A176BEF0010C77E /* WishListView.swift in Sources */,
				13B57CE82A16A6340010C77E /* BudgetBuddyFinalApp.swift in Sources */,
			);
			runOnlyForDeploymentPostprocessing = 0;
		};
		13B57CF52A16A63A0010C77E /* Sources */ = {
			isa = PBXSourcesBuildPhase;
			buildActionMask = 2147483647;
			files = (
				13B57CFE2A16A63A0010C77E /* BudgetBuddyFinalTests.swift in Sources */,
			);
			runOnlyForDeploymentPostprocessing = 0;
		};
		13B57CFF2A16A63A0010C77E /* Sources */ = {
			isa = PBXSourcesBuildPhase;
			buildActionMask = 2147483647;
			files = (
				13B57D082A16A63A0010C77E /* BudgetBuddyFinalUITests.swift in Sources */,
				13B57D0A2A16A63A0010C77E /* BudgetBuddyFinalUITestsLaunchTests.swift in Sources */,
			);
			runOnlyForDeploymentPostprocessing = 0;
		};
/* End PBXSourcesBuildPhase section */

/* Begin PBXTargetDependency section */
		13B57CFB2A16A63A0010C77E /* PBXTargetDependency */ = {
			isa = PBXTargetDependency;
			target = 13B57CE32A16A6340010C77E /* BudgetBuddyFinal */;
			targetProxy = 13B57CFA2A16A63A0010C77E /* PBXContainerItemProxy */;
		};
		13B57D052A16A63A0010C77E /* PBXTargetDependency */ = {
			isa = PBXTargetDependency;
			target = 13B57CE32A16A6340010C77E /* BudgetBuddyFinal */;
			targetProxy = 13B57D042A16A63A0010C77E /* PBXContainerItemProxy */;
		};
/* End PBXTargetDependency section */

/* Begin XCBuildConfiguration section */
		13B57D0B2A16A63A0010C77E /* Debug */ = {
			isa = XCBuildConfiguration;
			buildSettings = {
				ALWAYS_SEARCH_USER_PATHS = NO;
				CLANG_ANALYZER_NONNULL = YES;
				CLANG_ANALYZER_NUMBER_OBJECT_CONVERSION = YES_AGGRESSIVE;
				CLANG_CXX_LANGUAGE_STANDARD = "gnu++20";
				CLANG_ENABLE_MODULES = YES;
				CLANG_ENABLE_OBJC_ARC = YES;
				CLANG_ENABLE_OBJC_WEAK = YES;
				CLANG_WARN_BLOCK_CAPTURE_AUTORELEASING = YES;
				CLANG_WARN_BOOL_CONVERSION = YES;
				CLANG_WARN_COMMA = YES;
				CLANG_WARN_CONSTANT_CONVERSION = YES;
				CLANG_WARN_DEPRECATED_OBJC_IMPLEMENTATIONS = YES;
				CLANG_WARN_DIRECT_OBJC_ISA_USAGE = YES_ERROR;
				CLANG_WARN_DOCUMENTATION_COMMENTS = YES;
				CLANG_WARN_EMPTY_BODY = YES;
				CLANG_WARN_ENUM_CONVERSION = YES;
				CLANG_WARN_INFINITE_RECURSION = YES;
				CLANG_WARN_INT_CONVERSION = YES;
				CLANG_WARN_NON_LITERAL_NULL_CONVERSION = YES;
				CLANG_WARN_OBJC_IMPLICIT_RETAIN_SELF = YES;
				CLANG_WARN_OBJC_LITERAL_CONVERSION = YES;
				CLANG_WARN_OBJC_ROOT_CLASS = YES_ERROR;
				CLANG_WARN_QUOTED_INCLUDE_IN_FRAMEWORK_HEADER = YES;
				CLANG_WARN_RANGE_LOOP_ANALYSIS = YES;
				CLANG_WARN_STRICT_PROTOTYPES = YES;
				CLANG_WARN_SUSPICIOUS_MOVE = YES;
				CLANG_WARN_UNGUARDED_AVAILABILITY = YES_AGGRESSIVE;
				CLANG_WARN_UNREACHABLE_CODE = YES;
				CLANG_WARN__DUPLICATE_METHOD_MATCH = YES;
				COPY_PHASE_STRIP = NO;
				DEBUG_INFORMATION_FORMAT = dwarf;
				ENABLE_STRICT_OBJC_MSGSEND = YES;
				ENABLE_TESTABILITY = YES;
				GCC_C_LANGUAGE_STANDARD = gnu11;
				GCC_DYNAMIC_NO_PIC = NO;
				GCC_NO_COMMON_BLOCKS = YES;
				GCC_OPTIMIZATION_LEVEL = 0;
				GCC_PREPROCESSOR_DEFINITIONS = (
					"DEBUG=1",
					"$(inherited)",
				);
				GCC_WARN_64_TO_32_BIT_CONVERSION = YES;
				GCC_WARN_ABOUT_RETURN_TYPE = YES_ERROR;
				GCC_WARN_UNDECLARED_SELECTOR = YES;
				GCC_WARN_UNINITIALIZED_AUTOS = YES_AGGRESSIVE;
				GCC_WARN_UNUSED_FUNCTION = YES;
				GCC_WARN_UNUSED_VARIABLE = YES;
				IPHONEOS_DEPLOYMENT_TARGET = 16.2;
				MTL_ENABLE_DEBUG_INFO = INCLUDE_SOURCE;
				MTL_FAST_MATH = YES;
				ONLY_ACTIVE_ARCH = YES;
				SDKROOT = iphoneos;
				SWIFT_ACTIVE_COMPILATION_CONDITIONS = DEBUG;
				SWIFT_OPTIMIZATION_LEVEL = "-Onone";
			};
			name = Debug;
		};
		13B57D0C2A16A63A0010C77E /* Release */ = {
			isa = XCBuildConfiguration;
			buildSettings = {
				ALWAYS_SEARCH_USER_PATHS = NO;
				CLANG_ANALYZER_NONNULL = YES;
				CLANG_ANALYZER_NUMBER_OBJECT_CONVERSION = YES_AGGRESSIVE;
				CLANG_CXX_LANGUAGE_STANDARD = "gnu++20";
				CLANG_ENABLE_MODULES = YES;
				CLANG_ENABLE_OBJC_ARC = YES;
				CLANG_ENABLE_OBJC_WEAK = YES;
				CLANG_WARN_BLOCK_CAPTURE_AUTORELEASING = YES;
				CLANG_WARN_BOOL_CONVERSION = YES;
				CLANG_WARN_COMMA = YES;
				CLANG_WARN_CONSTANT_CONVERSION = YES;
				CLANG_WARN_DEPRECATED_OBJC_IMPLEMENTATIONS = YES;
				CLANG_WARN_DIRECT_OBJC_ISA_USAGE = YES_ERROR;
				CLANG_WARN_DOCUMENTATION_COMMENTS = YES;
				CLANG_WARN_EMPTY_BODY = YES;
				CLANG_WARN_ENUM_CONVERSION = YES;
				CLANG_WARN_INFINITE_RECURSION = YES;
				CLANG_WARN_INT_CONVERSION = YES;
				CLANG_WARN_NON_LITERAL_NULL_CONVERSION = YES;
				CLANG_WARN_OBJC_IMPLICIT_RETAIN_SELF = YES;
				CLANG_WARN_OBJC_LITERAL_CONVERSION = YES;
				CLANG_WARN_OBJC_ROOT_CLASS = YES_ERROR;
				CLANG_WARN_QUOTED_INCLUDE_IN_FRAMEWORK_HEADER = YES;
				CLANG_WARN_RANGE_LOOP_ANALYSIS = YES;
				CLANG_WARN_STRICT_PROTOTYPES = YES;
				CLANG_WARN_SUSPICIOUS_MOVE = YES;
				CLANG_WARN_UNGUARDED_AVAILABILITY = YES_AGGRESSIVE;
				CLANG_WARN_UNREACHABLE_CODE = YES;
				CLANG_WARN__DUPLICATE_METHOD_MATCH = YES;
				COPY_PHASE_STRIP = NO;
				DEBUG_INFORMATION_FORMAT = "dwarf-with-dsym";
				ENABLE_NS_ASSERTIONS = NO;
				ENABLE_STRICT_OBJC_MSGSEND = YES;
				GCC_C_LANGUAGE_STANDARD = gnu11;
				GCC_NO_COMMON_BLOCKS = YES;
				GCC_WARN_64_TO_32_BIT_CONVERSION = YES;
				GCC_WARN_ABOUT_RETURN_TYPE = YES_ERROR;
				GCC_WARN_UNDECLARED_SELECTOR = YES;
				GCC_WARN_UNINITIALIZED_AUTOS = YES_AGGRESSIVE;
				GCC_WARN_UNUSED_FUNCTION = YES;
				GCC_WARN_UNUSED_VARIABLE = YES;
				IPHONEOS_DEPLOYMENT_TARGET = 16.2;
				MTL_ENABLE_DEBUG_INFO = NO;
				MTL_FAST_MATH = YES;
				SDKROOT = iphoneos;
				SWIFT_COMPILATION_MODE = wholemodule;
				SWIFT_OPTIMIZATION_LEVEL = "-O";
				VALIDATE_PRODUCT = YES;
			};
			name = Release;
		};
		13B57D0E2A16A63A0010C77E /* Debug */ = {
			isa = XCBuildConfiguration;
			buildSettings = {
				ASSETCATALOG_COMPILER_APPICON_NAME = AppIcon;
				ASSETCATALOG_COMPILER_GLOBAL_ACCENT_COLOR_NAME = AccentColor;
				CODE_SIGN_STYLE = Automatic;
				CURRENT_PROJECT_VERSION = 1;
				DEVELOPMENT_ASSET_PATHS = "\"BudgetBuddyFinal/Preview Content\"";
				DEVELOPMENT_TEAM = VL586KT4R5;
				ENABLE_PREVIEWS = YES;
				GENERATE_INFOPLIST_FILE = YES;
				INFOPLIST_KEY_UIApplicationSceneManifest_Generation = YES;
				INFOPLIST_KEY_UIApplicationSupportsIndirectInputEvents = YES;
				INFOPLIST_KEY_UILaunchScreen_Generation = YES;
				INFOPLIST_KEY_UISupportedInterfaceOrientations_iPad = "UIInterfaceOrientationPortrait UIInterfaceOrientationPortraitUpsideDown UIInterfaceOrientationLandscapeLeft UIInterfaceOrientationLandscapeRight";
				INFOPLIST_KEY_UISupportedInterfaceOrientations_iPhone = "UIInterfaceOrientationPortrait UIInterfaceOrientationLandscapeLeft UIInterfaceOrientationLandscapeRight";
				LD_RUNPATH_SEARCH_PATHS = (
					"$(inherited)",
					"@executable_path/Frameworks",
				);
				MARKETING_VERSION = 1.0;
				PRODUCT_BUNDLE_IDENTIFIER = BraulioMartin;
				PRODUCT_NAME = "$(TARGET_NAME)";
				SWIFT_EMIT_LOC_STRINGS = YES;
				SWIFT_VERSION = 5.0;
				TARGETED_DEVICE_FAMILY = "1,2";
			};
			name = Debug;
		};
		13B57D0F2A16A63A0010C77E /* Release */ = {
			isa = XCBuildConfiguration;
			buildSettings = {
				ASSETCATALOG_COMPILER_APPICON_NAME = AppIcon;
				ASSETCATALOG_COMPILER_GLOBAL_ACCENT_COLOR_NAME = AccentColor;
				CODE_SIGN_STYLE = Automatic;
				CURRENT_PROJECT_VERSION = 1;
				DEVELOPMENT_ASSET_PATHS = "\"BudgetBuddyFinal/Preview Content\"";
				DEVELOPMENT_TEAM = VL586KT4R5;
				ENABLE_PREVIEWS = YES;
				GENERATE_INFOPLIST_FILE = YES;
				INFOPLIST_KEY_UIApplicationSceneManifest_Generation = YES;
				INFOPLIST_KEY_UIApplicationSupportsIndirectInputEvents = YES;
				INFOPLIST_KEY_UILaunchScreen_Generation = YES;
				INFOPLIST_KEY_UISupportedInterfaceOrientations_iPad = "UIInterfaceOrientationPortrait UIInterfaceOrientationPortraitUpsideDown UIInterfaceOrientationLandscapeLeft UIInterfaceOrientationLandscapeRight";
				INFOPLIST_KEY_UISupportedInterfaceOrientations_iPhone = "UIInterfaceOrientationPortrait UIInterfaceOrientationLandscapeLeft UIInterfaceOrientationLandscapeRight";
				LD_RUNPATH_SEARCH_PATHS = (
					"$(inherited)",
					"@executable_path/Frameworks",
				);
				MARKETING_VERSION = 1.0;
				PRODUCT_BUNDLE_IDENTIFIER = BraulioMartin;
				PRODUCT_NAME = "$(TARGET_NAME)";
				SWIFT_EMIT_LOC_STRINGS = YES;
				SWIFT_VERSION = 5.0;
				TARGETED_DEVICE_FAMILY = "1,2";
			};
			name = Release;
		};
		13B57D112A16A63A0010C77E /* Debug */ = {
			isa = XCBuildConfiguration;
			buildSettings = {
				ALWAYS_EMBED_SWIFT_STANDARD_LIBRARIES = YES;
				BUNDLE_LOADER = "$(TEST_HOST)";
				CODE_SIGN_STYLE = Automatic;
				CURRENT_PROJECT_VERSION = 1;
				DEVELOPMENT_TEAM = VL586KT4R5;
				GENERATE_INFOPLIST_FILE = YES;
				IPHONEOS_DEPLOYMENT_TARGET = 16.2;
				MARKETING_VERSION = 1.0;
				PRODUCT_BUNDLE_IDENTIFIER = BraulioMartin.BudgetBuddyFinalTests;
				PRODUCT_NAME = "$(TARGET_NAME)";
				SWIFT_EMIT_LOC_STRINGS = NO;
				SWIFT_VERSION = 5.0;
				TARGETED_DEVICE_FAMILY = "1,2";
				TEST_HOST = "$(BUILT_PRODUCTS_DIR)/BudgetBuddyFinal.app/$(BUNDLE_EXECUTABLE_FOLDER_PATH)/BudgetBuddyFinal";
			};
			name = Debug;
		};
		13B57D122A16A63A0010C77E /* Release */ = {
			isa = XCBuildConfiguration;
			buildSettings = {
				ALWAYS_EMBED_SWIFT_STANDARD_LIBRARIES = YES;
				BUNDLE_LOADER = "$(TEST_HOST)";
				CODE_SIGN_STYLE = Automatic;
				CURRENT_PROJECT_VERSION = 1;
				DEVELOPMENT_TEAM = VL586KT4R5;
				GENERATE_INFOPLIST_FILE = YES;
				IPHONEOS_DEPLOYMENT_TARGET = 16.2;
				MARKETING_VERSION = 1.0;
				PRODUCT_BUNDLE_IDENTIFIER = BraulioMartin.BudgetBuddyFinalTests;
				PRODUCT_NAME = "$(TARGET_NAME)";
				SWIFT_EMIT_LOC_STRINGS = NO;
				SWIFT_VERSION = 5.0;
				TARGETED_DEVICE_FAMILY = "1,2";
				TEST_HOST = "$(BUILT_PRODUCTS_DIR)/BudgetBuddyFinal.app/$(BUNDLE_EXECUTABLE_FOLDER_PATH)/BudgetBuddyFinal";
			};
			name = Release;
		};
		13B57D142A16A63A0010C77E /* Debug */ = {
			isa = XCBuildConfiguration;
			buildSettings = {
				ALWAYS_EMBED_SWIFT_STANDARD_LIBRARIES = YES;
				CODE_SIGN_STYLE = Automatic;
				CURRENT_PROJECT_VERSION = 1;
				DEVELOPMENT_TEAM = VL586KT4R5;
				GENERATE_INFOPLIST_FILE = YES;
				MARKETING_VERSION = 1.0;
				PRODUCT_BUNDLE_IDENTIFIER = BraulioMartin.BudgetBuddyFinalUITests;
				PRODUCT_NAME = "$(TARGET_NAME)";
				SWIFT_EMIT_LOC_STRINGS = NO;
				SWIFT_VERSION = 5.0;
				TARGETED_DEVICE_FAMILY = "1,2";
				TEST_TARGET_NAME = BudgetBuddyFinal;
			};
			name = Debug;
		};
		13B57D152A16A63A0010C77E /* Release */ = {
			isa = XCBuildConfiguration;
			buildSettings = {
				ALWAYS_EMBED_SWIFT_STANDARD_LIBRARIES = YES;
				CODE_SIGN_STYLE = Automatic;
				CURRENT_PROJECT_VERSION = 1;
				DEVELOPMENT_TEAM = VL586KT4R5;
				GENERATE_INFOPLIST_FILE = YES;
				MARKETING_VERSION = 1.0;
				PRODUCT_BUNDLE_IDENTIFIER = BraulioMartin.BudgetBuddyFinalUITests;
				PRODUCT_NAME = "$(TARGET_NAME)";
				SWIFT_EMIT_LOC_STRINGS = NO;
				SWIFT_VERSION = 5.0;
				TARGETED_DEVICE_FAMILY = "1,2";
				TEST_TARGET_NAME = BudgetBuddyFinal;
			};
			name = Release;
		};
/* End XCBuildConfiguration section */

/* Begin XCConfigurationList section */
		13B57CDF2A16A6340010C77E /* Build configuration list for PBXProject "BudgetBuddyFinal" */ = {
			isa = XCConfigurationList;
			buildConfigurations = (
				13B57D0B2A16A63A0010C77E /* Debug */,
				13B57D0C2A16A63A0010C77E /* Release */,
			);
			defaultConfigurationIsVisible = 0;
			defaultConfigurationName = Release;
		};
		13B57D0D2A16A63A0010C77E /* Build configuration list for PBXNativeTarget "BudgetBuddyFinal" */ = {
			isa = XCConfigurationList;
			buildConfigurations = (
				13B57D0E2A16A63A0010C77E /* Debug */,
				13B57D0F2A16A63A0010C77E /* Release */,
			);
			defaultConfigurationIsVisible = 0;
			defaultConfigurationName = Release;
		};
		13B57D102A16A63A0010C77E /* Build configuration list for PBXNativeTarget "BudgetBuddyFinalTests" */ = {
			isa = XCConfigurationList;
			buildConfigurations = (
				13B57D112A16A63A0010C77E /* Debug */,
				13B57D122A16A63A0010C77E /* Release */,
			);
			defaultConfigurationIsVisible = 0;
			defaultConfigurationName = Release;
		};
		13B57D132A16A63A0010C77E /* Build configuration list for PBXNativeTarget "BudgetBuddyFinalUITests" */ = {
			isa = XCConfigurationList;
			buildConfigurations = (
				13B57D142A16A63A0010C77E /* Debug */,
				13B57D152A16A63A0010C77E /* Release */,
			);
			defaultConfigurationIsVisible = 0;
			defaultConfigurationName = Release;
		};
/* End XCConfigurationList section */

/* Begin XCVersionGroup section */
		13B57CF22A16A6390010C77E /* BudgetBuddyFinal.xcdatamodeld */ = {
			isa = XCVersionGroup;
			children = (
				13B57CF32A16A6390010C77E /* BudgetBuddyFinal.xcdatamodel */,
			);
			currentVersion = 13B57CF32A16A6390010C77E /* BudgetBuddyFinal.xcdatamodel */;
			path = BudgetBuddyFinal.xcdatamodeld;
			sourceTree = "<group>";
			versionGroupType = wrapper.xcdatamodel;
		};
/* End XCVersionGroup section */
	};
	rootObject = 13B57CDC2A16A6340010C77E /* Project object */;
}
